{
    "name": "flatbuffers-demo",
    "version": "1.0.0",
    "lockfileVersion": 3,
    "requires": true,
    "packages": {
        "": {
            "name": "flatbuffers-demo",
            "version": "1.0.0",
            "devDependencies": {
                "flatbuffers": "^23.5.26",
                "typescript": "^5.0.0"
            }
        },
        "node_modules/flatbuffers": {
            "version": "23.5.26",
            "resolved": "https://registry.npmjs.org/flatbuffers/-/flatbuffers-23.5.26.tgz",
            "integrity": "sha512-vE+SI9vrJDwi1oETtTIFldC/o9GsVKRM+s6EL0nQgxXlYV1Vc4Tk30hj4xGICftInKQKj1F3up2n8UbIVobISQ==",
            "dev": true
        },
        "node_modules/typescript": {
            "version": "5.7.3",
            "resolved": "https://registry.npmjs.org/typescript/-/typescript-5.7.3.tgz",
            "integrity": "sha512-84MVSjMEHP+FQRPy3pX9sTVV/INIex71s9TL2Gm5FG/WG1SqXeKyZ0k7/blY/4FdOzI12CBy1vGc4og/eus0fw==",
            "dev": true,
            "bin": {
                "tsc": "bin/tsc",
                "tsserver": "bin/tsserver"
            },
            "engines": {
                "node": ">=14.17"
            }
        }
    }
}
